// !$*UTF8*$!
{
	archiveVersion = 1;
	classes = {
	};
	objectVersion = 56;
	objects = {

/* Begin PBXBuildFile section */
		8C102A1E28F3769000167AF5 /* AppDelegate.swift in Sources */ = {isa = PBXBuildFile; fileRef = 8C102A1D28F3769000167AF5 /* AppDelegate.swift */; };
		8C102A2028F3769000167AF5 /* SceneDelegate.swift in Sources */ = {isa = PBXBuildFile; fileRef = 8C102A1F28F3769000167AF5 /* SceneDelegate.swift */; };
		8C102A2228F3769000167AF5 /* ViewController.swift in Sources */ = {isa = PBXBuildFile; fileRef = 8C102A2128F3769000167AF5 /* ViewController.swift */; };
		8C102A2528F3769000167AF5 /* Main.storyboard in Resources */ = {isa = PBXBuildFile; fileRef = 8C102A2328F3769000167AF5 /* Main.storyboard */; };
		8C102A2728F3769200167AF5 /* Assets.xcassets in Resources */ = {isa = PBXBuildFile; fileRef = 8C102A2628F3769200167AF5 /* Assets.xcassets */; };
		8C102A2A28F3769200167AF5 /* LaunchScreen.storyboard in Resources */ = {isa = PBXBuildFile; fileRef = 8C102A2828F3769200167AF5 /* LaunchScreen.storyboard */; };
		8C102A3528F3769300167AF5 /* My1StAppTests.swift in Sources */ = {isa = PBXBuildFile; fileRef = 8C102A3428F3769300167AF5 /* My1StAppTests.swift */; };
		8C102A3F28F3769300167AF5 /* My1StAppUITests.swift in Sources */ = {isa = PBXBuildFile; fileRef = 8C102A3E28F3769300167AF5 /* My1StAppUITests.swift */; };
		8C102A4128F3769300167AF5 /* My1StAppUITestsLaunchTests.swift in Sources */ = {isa = PBXBuildFile; fileRef = 8C102A4028F3769300167AF5 /* My1StAppUITestsLaunchTests.swift */; };
		8C102A4E28F3AE8E00167AF5 /* MyCustomUIView.swift in Sources */ = {isa = PBXBuildFile; fileRef = 8C102A4D28F3AE8E00167AF5 /* MyCustomUIView.swift */; };
/* End PBXBuildFile section */

/* Begin PBXContainerItemProxy section */
		8C102A3128F3769300167AF5 /* PBXContainerItemProxy */ = {
			isa = PBXContainerItemProxy;
			containerPortal = 8C102A1228F3769000167AF5 /* Project object */;
			proxyType = 1;
			remoteGlobalIDString = 8C102A1928F3769000167AF5;
			remoteInfo = My1StApp;
		};
		8C102A3B28F3769300167AF5 /* PBXContainerItemProxy */ = {
			isa = PBXContainerItemProxy;
			containerPortal = 8C102A1228F3769000167AF5 /* Project object */;
			proxyType = 1;
			remoteGlobalIDString = 8C102A1928F3769000167AF5;
			remoteInfo = My1StApp;
		};
/* End PBXContainerItemProxy section */

/* Begin PBXFileReference section */
		8C102A1A28F3769000167AF5 /* My1StApp.app */ = {isa = PBXFileReference; explicitFileType = wrapper.application; includeInIndex = 0; path = My1StApp.app; sourceTree = BUILT_PRODUCTS_DIR; };
		8C102A1D28F3769000167AF5 /* AppDelegate.swift */ = {isa = PBXFileReference; lastKnownFileType = sourcecode.swift; path = AppDelegate.swift; sourceTree = "<group>"; };
		8C102A1F28F3769000167AF5 /* SceneDelegate.swift */ = {isa = PBXFileReference; lastKnownFileType = sourcecode.swift; path = SceneDelegate.swift; sourceTree = "<group>"; };
		8C102A2128F3769000167AF5 /* ViewController.swift */ = {isa = PBXFileReference; lastKnownFileType = sourcecode.swift; path = ViewController.swift; sourceTree = "<group>"; };
		8C102A2428F3769000167AF5 /* Base */ = {isa = PBXFileReference; lastKnownFileType = file.storyboard; name = Base; path = Base.lproj/Main.storyboard; sourceTree = "<group>"; };
		8C102A2628F3769200167AF5 /* Assets.xcassets */ = {isa = PBXFileReference; lastKnownFileType = folder.assetcatalog; path = Assets.xcassets; sourceTree = "<group>"; };
		8C102A2928F3769200167AF5 /* Base */ = {isa = PBXFileReference; lastKnownFileType = file.storyboard; name = Base; path = Base.lproj/LaunchScreen.storyboard; sourceTree = "<group>"; };
		8C102A2B28F3769200167AF5 /* Info.plist */ = {isa = PBXFileReference; lastKnownFileType = text.plist.xml; path = Info.plist; sourceTree = "<group>"; };
		8C102A3028F3769300167AF5 /* My1StAppTests.xctest */ = {isa = PBXFileReference; explicitFileType = wrapper.cfbundle; includeInIndex = 0; path = My1StAppTests.xctest; sourceTree = BUILT_PRODUCTS_DIR; };
		8C102A3428F3769300167AF5 /* My1StAppTests.swift */ = {isa = PBXFileReference; lastKnownFileType = sourcecode.swift; path = My1StAppTests.swift; sourceTree = "<group>"; };
		8C102A3A28F3769300167AF5 /* My1StAppUITests.xctest */ = {isa = PBXFileReference; explicitFileType = wrapper.cfbundle; includeInIndex = 0; path = My1StAppUITests.xctest; sourceTree = BUILT_PRODUCTS_DIR; };
		8C102A3E28F3769300167AF5 /* My1StAppUITests.swift */ = {isa = PBXFileReference; lastKnownFileType = sourcecode.swift; path = My1StAppUITests.swift; sourceTree = "<group>"; };
		8C102A4028F3769300167AF5 /* My1StAppUITestsLaunchTests.swift */ = {isa = PBXFileReference; lastKnownFileType = sourcecode.swift; path = My1StAppUITestsLaunchTests.swift; sourceTree = "<group>"; };
		8C102A4D28F3AE8E00167AF5 /* MyCustomUIView.swift */ = {isa = PBXFileReference; lastKnownFileType = sourcecode.swift; path = MyCustomUIView.swift; sourceTree = "<group>"; };
/* End PBXFileReference section */

/* Begin PBXFrameworksBuildPhase section */
		8C102A1728F3769000167AF5 /* Frameworks */ = {
			isa = PBXFrameworksBuildPhase;
			buildActionMask = 2147483647;
			files = (
			);
			runOnlyForDeploymentPostprocessing = 0;
		};
		8C102A2D28F3769300167AF5 /* Frameworks */ = {
			isa = PBXFrameworksBuildPhase;
			buildActionMask = 2147483647;
			files = (
			);
			runOnlyForDeploymentPostprocessing = 0;
		};
		8C102A3728F3769300167AF5 /* Frameworks */ = {
			isa = PBXFrameworksBuildPhase;
			buildActionMask = 2147483647;
			files = (
			);
			runOnlyForDeploymentPostprocessing = 0;
		};
/* End PBXFrameworksBuildPhase section */

/* Begin PBXGroup section */
		8C102A1128F3769000167AF5 = {
			isa = PBXGroup;
			children = (
				8C102A1C28F3769000167AF5 /* My1StApp */,
				8C102A3328F3769300167AF5 /* My1StAppTests */,
				8C102A3D28F3769300167AF5 /* My1StAppUITests */,
				8C102A1B28F3769000167AF5 /* Products */,
			);
			sourceTree = "<group>";
		};
		8C102A1B28F3769000167AF5 /* Products */ = {
			isa = PBXGroup;
			children = (
				8C102A1A28F3769000167AF5 /* My1StApp.app */,
				8C102A3028F3769300167AF5 /* My1StAppTests.xctest */,
				8C102A3A28F3769300167AF5 /* My1StAppUITests.xctest */,
			);
			name = Products;
			sourceTree = "<group>";
		};
		8C102A1C28F3769000167AF5 /* My1StApp */ = {
			isa = PBXGroup;
			children = (
				8C102A1D28F3769000167AF5 /* AppDelegate.swift */,
				8C102A1F28F3769000167AF5 /* SceneDelegate.swift */,
				8C102A2128F3769000167AF5 /* ViewController.swift */,
				8C102A4D28F3AE8E00167AF5 /* MyCustomUIView.swift */,
				8C102A2328F3769000167AF5 /* Main.storyboard */,
				8C102A2628F3769200167AF5 /* Assets.xcassets */,
				8C102A2828F3769200167AF5 /* LaunchScreen.storyboard */,
				8C102A2B28F3769200167AF5 /* Info.plist */,
			);
			path = My1StApp;
			sourceTree = "<group>";
		};
		8C102A3328F3769300167AF5 /* My1StAppTests */ = {
			isa = PBXGroup;
			children = (
				8C102A3428F3769300167AF5 /* My1StAppTests.swift */,
			);
			path = My1StAppTests;
			sourceTree = "<group>";
		};
		8C102A3D28F3769300167AF5 /* My1StAppUITests */ = {
			isa = PBXGroup;
			children = (
				8C102A3E28F3769300167AF5 /* My1StAppUITests.swift */,
				8C102A4028F3769300167AF5 /* My1StAppUITestsLaunchTests.swift */,
			);
			path = My1StAppUITests;
			sourceTree = "<group>";
		};
/* End PBXGroup section */

/* Begin PBXNativeTarget section */
		8C102A1928F3769000167AF5 /* My1StApp */ = {
			isa = PBXNativeTarget;
			buildConfigurationList = 8C102A4428F3769300167AF5 /* Build configuration list for PBXNativeTarget "My1StApp" */;
			buildPhases = (
				8C102A1628F3769000167AF5 /* Sources */,
				8C102A1728F3769000167AF5 /* Frameworks */,
				8C102A1828F3769000167AF5 /* Resources */,
			);
			buildRules = (
			);
			dependencies = (
			);
			name = My1StApp;
			productName = My1StApp;
			productReference = 8C102A1A28F3769000167AF5 /* My1StApp.app */;
			productType = "com.apple.product-type.application";
		};
		8C102A2F28F3769300167AF5 /* My1StAppTests */ = {
			isa = PBXNativeTarget;
			buildConfigurationList = 8C102A4728F3769300167AF5 /* Build configuration list for PBXNativeTarget "My1StAppTests" */;
			buildPhases = (
				8C102A2C28F3769300167AF5 /* Sources */,
				8C102A2D28F3769300167AF5 /* Frameworks */,
				8C102A2E28F3769300167AF5 /* Resources */,
			);
			buildRules = (
			);
			dependencies = (
				8C102A3228F3769300167AF5 /* PBXTargetDependency */,
			);
			name = My1StAppTests;
			productName = My1StAppTests;
			productReference = 8C102A3028F3769300167AF5 /* My1StAppTests.xctest */;
			productType = "com.apple.product-type.bundle.unit-test";
		};
		8C102A3928F3769300167AF5 /* My1StAppUITests */ = {
			isa = PBXNativeTarget;
			buildConfigurationList = 8C102A4A28F3769300167AF5 /* Build configuration list for PBXNativeTarget "My1StAppUITests" */;
			buildPhases = (
				8C102A3628F3769300167AF5 /* Sources */,
				8C102A3728F3769300167AF5 /* Frameworks */,
				8C102A3828F3769300167AF5 /* Resources */,
			);
			buildRules = (
			);
			dependencies = (
				8C102A3C28F3769300167AF5 /* PBXTargetDependency */,
			);
			name = My1StAppUITests;
			productName = My1StAppUITests;
			productReference = 8C102A3A28F3769300167AF5 /* My1StAppUITests.xctest */;
			productType = "com.apple.product-type.bundle.ui-testing";
		};
/* End PBXNativeTarget section */

/* Begin PBXProject section */
		8C102A1228F3769000167AF5 /* Project object */ = {
			isa = PBXProject;
			attributes = {
				BuildIndependentTargetsInParallel = 1;
				LastSwiftUpdateCheck = 1400;
				LastUpgradeCheck = 1400;
				TargetAttributes = {
					8C102A1928F3769000167AF5 = {
						CreatedOnToolsVersion = 14.0.1;
					};
					8C102A2F28F3769300167AF5 = {
						CreatedOnToolsVersion = 14.0.1;
						TestTargetID = 8C102A1928F3769000167AF5;
					};
					8C102A3928F3769300167AF5 = {
						CreatedOnToolsVersion = 14.0.1;
						TestTargetID = 8C102A1928F3769000167AF5;
					};
				};
			};
			buildConfigurationList = 8C102A1528F3769000167AF5 /* Build configuration list for PBXProject "My1StApp" */;
			compatibilityVersion = "Xcode 14.0";
			developmentRegion = en;
			hasScannedForEncodings = 0;
			knownRegions = (
				en,
				Base,
			);
			mainGroup = 8C102A1128F3769000167AF5;
			productRefGroup = 8C102A1B28F3769000167AF5 /* Products */;
			projectDirPath = "";
			projectRoot = "";
			targets = (
				8C102A1928F3769000167AF5 /* My1StApp */,
				8C102A2F28F3769300167AF5 /* My1StAppTests */,
				8C102A3928F3769300167AF5 /* My1StAppUITests */,
			);
		};
/* End PBXProject section */

/* Begin PBXResourcesBuildPhase section */
		8C102A1828F3769000167AF5 /* Resources */ = {
			isa = PBXResourcesBuildPhase;
			buildActionMask = 2147483647;
			files = (
				8C102A2A28F3769200167AF5 /* LaunchScreen.storyboard in Resources */,
				8C102A2728F3769200167AF5 /* Assets.xcassets in Resources */,
				8C102A2528F3769000167AF5 /* Main.storyboard in Resources */,
			);
			runOnlyForDeploymentPostprocessing = 0;
		};
		8C102A2E28F3769300167AF5 /* Resources */ = {
			isa = PBXResourcesBuildPhase;
			buildActionMask = 2147483647;
			files = (
			);
			runOnlyForDeploymentPostprocessing = 0;
		};
		8C102A3828F3769300167AF5 /* Resources */ = {
			isa = PBXResourcesBuildPhase;
			buildActionMask = 2147483647;
			files = (
			);
			runOnlyForDeploymentPostprocessing = 0;
		};
/* End PBXResourcesBuildPhase section */

/* Begin PBXSourcesBuildPhase section */
		8C102A1628F3769000167AF5 /* Sources */ = {
			isa = PBXSourcesBuildPhase;
			buildActionMask = 2147483647;
			files = (
				8C102A2228F3769000167AF5 /* ViewController.swift in Sources */,
				8C102A4E28F3AE8E00167AF5 /* MyCustomUIView.swift in Sources */,
				8C102A1E28F3769000167AF5 /* AppDelegate.swift in Sources */,
				8C102A2028F3769000167AF5 /* SceneDelegate.swift in Sources */,
			);
			runOnlyForDeploymentPostprocessing = 0;
		};
		8C102A2C28F3769300167AF5 /* Sources */ = {
			isa = PBXSourcesBuildPhase;
			buildActionMask = 2147483647;
			files = (
				8C102A3528F3769300167AF5 /* My1StAppTests.swift in Sources */,
			);
			runOnlyForDeploymentPostprocessing = 0;
		};
		8C102A3628F3769300167AF5 /* Sources */ = {
			isa = PBXSourcesBuildPhase;
			buildActionMask = 2147483647;
			files = (
				8C102A4128F3769300167AF5 /* My1StAppUITestsLaunchTests.swift in Sources */,
				8C102A3F28F3769300167AF5 /* My1StAppUITests.swift in Sources */,
			);
			runOnlyForDeploymentPostprocessing = 0;
		};
/* End PBXSourcesBuildPhase section */

/* Begin PBXTargetDependency section */
		8C102A3228F3769300167AF5 /* PBXTargetDependency */ = {
			isa = PBXTargetDependency;
			target = 8C102A1928F3769000167AF5 /* My1StApp */;
			targetProxy = 8C102A3128F3769300167AF5 /* PBXContainerItemProxy */;
		};
		8C102A3C28F3769300167AF5 /* PBXTargetDependency */ = {
			isa = PBXTargetDependency;
			target = 8C102A1928F3769000167AF5 /* My1StApp */;
			targetProxy = 8C102A3B28F3769300167AF5 /* PBXContainerItemProxy */;
		};
/* End PBXTargetDependency section */

/* Begin PBXVariantGroup section */
		8C102A2328F3769000167AF5 /* Main.storyboard */ = {
			isa = PBXVariantGroup;
			children = (
				8C102A2428F3769000167AF5 /* Base */,
			);
			name = Main.storyboard;
			sourceTree = "<group>";
		};
		8C102A2828F3769200167AF5 /* LaunchScreen.storyboard */ = {
			isa = PBXVariantGroup;
			children = (
				8C102A2928F3769200167AF5 /* Base */,
			);
			name = LaunchScreen.storyboard;
			sourceTree = "<group>";
		};
/* End PBXVariantGroup section */

/* Begin XCBuildConfiguration section */
		8C102A4228F3769300167AF5 /* Debug */ = {
			isa = XCBuildConfiguration;
			buildSettings = {
				ALWAYS_SEARCH_USER_PATHS = NO;
				CLANG_ANALYZER_NONNULL = YES;
				CLANG_ANALYZER_NUMBER_OBJECT_CONVERSION = YES_AGGRESSIVE;
				CLANG_CXX_LANGUAGE_STANDARD = "gnu++20";
				CLANG_ENABLE_MODULES = YES;
				CLANG_ENABLE_OBJC_ARC = YES;
				CLANG_ENABLE_OBJC_WEAK = YES;
				CLANG_WARN_BLOCK_CAPTURE_AUTORELEASING = YES;
				CLANG_WARN_BOOL_CONVERSION = YES;
				CLANG_WARN_COMMA = YES;
				CLANG_WARN_CONSTANT_CONVERSION = YES;
				CLANG_WARN_DEPRECATED_OBJC_IMPLEMENTATIONS = YES;
				CLANG_WARN_DIRECT_OBJC_ISA_USAGE = YES_ERROR;
				CLANG_WARN_DOCUMENTATION_COMMENTS = YES;
				CLANG_WARN_EMPTY_BODY = YES;
				CLANG_WARN_ENUM_CONVERSION = YES;
				CLANG_WARN_INFINITE_RECURSION = YES;
				CLANG_WARN_INT_CONVERSION = YES;
				CLANG_WARN_NON_LITERAL_NULL_CONVERSION = YES;
				CLANG_WARN_OBJC_IMPLICIT_RETAIN_SELF = YES;
				CLANG_WARN_OBJC_LITERAL_CONVERSION = YES;
				CLANG_WARN_OBJC_ROOT_CLASS = YES_ERROR;
				CLANG_WARN_QUOTED_INCLUDE_IN_FRAMEWORK_HEADER = YES;
				CLANG_WARN_RANGE_LOOP_ANALYSIS = YES;
				CLANG_WARN_STRICT_PROTOTYPES = YES;
				CLANG_WARN_SUSPICIOUS_MOVE = YES;
				CLANG_WARN_UNGUARDED_AVAILABILITY = YES_AGGRESSIVE;
				CLANG_WARN_UNREACHABLE_CODE = YES;
				CLANG_WARN__DUPLICATE_METHOD_MATCH = YES;
				COPY_PHASE_STRIP = NO;
				DEBUG_INFORMATION_FORMAT = dwarf;
				ENABLE_STRICT_OBJC_MSGSEND = YES;
				ENABLE_TESTABILITY = YES;
				GCC_C_LANGUAGE_STANDARD = gnu11;
				GCC_DYNAMIC_NO_PIC = NO;
				GCC_NO_COMMON_BLOCKS = YES;
				GCC_OPTIMIZATION_LEVEL = 0;
				GCC_PREPROCESSOR_DEFINITIONS = (
					"DEBUG=1",
					"$(inherited)",
				);
				GCC_WARN_64_TO_32_BIT_CONVERSION = YES;
				GCC_WARN_ABOUT_RETURN_TYPE = YES_ERROR;
				GCC_WARN_UNDECLARED_SELECTOR = YES;
				GCC_WARN_UNINITIALIZED_AUTOS = YES_AGGRESSIVE;
				GCC_WARN_UNUSED_FUNCTION = YES;
				GCC_WARN_UNUSED_VARIABLE = YES;
				IPHONEOS_DEPLOYMENT_TARGET = 16.0;
				MTL_ENABLE_DEBUG_INFO = INCLUDE_SOURCE;
				MTL_FAST_MATH = YES;
				ONLY_ACTIVE_ARCH = YES;
				SDKROOT = iphoneos;
				SWIFT_ACTIVE_COMPILATION_CONDITIONS = DEBUG;
				SWIFT_OPTIMIZATION_LEVEL = "-Onone";
			};
			name = Debug;
		};
		8C102A4328F3769300167AF5 /* Release */ = {
			isa = XCBuildConfiguration;
			buildSettings = {
				ALWAYS_SEARCH_USER_PATHS = NO;
				CLANG_ANALYZER_NONNULL = YES;
				CLANG_ANALYZER_NUMBER_OBJECT_CONVERSION = YES_AGGRESSIVE;
				CLANG_CXX_LANGUAGE_STANDARD = "gnu++20";
				CLANG_ENABLE_MODULES = YES;
				CLANG_ENABLE_OBJC_ARC = YES;
				CLANG_ENABLE_OBJC_WEAK = YES;
				CLANG_WARN_BLOCK_CAPTURE_AUTORELEASING = YES;
				CLANG_WARN_BOOL_CONVERSION = YES;
				CLANG_WARN_COMMA = YES;
				CLANG_WARN_CONSTANT_CONVERSION = YES;
				CLANG_WARN_DEPRECATED_OBJC_IMPLEMENTATIONS = YES;
				CLANG_WARN_DIRECT_OBJC_ISA_USAGE = YES_ERROR;
				CLANG_WARN_DOCUMENTATION_COMMENTS = YES;
				CLANG_WARN_EMPTY_BODY = YES;
				CLANG_WARN_ENUM_CONVERSION = YES;
				CLANG_WARN_INFINITE_RECURSION = YES;
				CLANG_WARN_INT_CONVERSION = YES;
				CLANG_WARN_NON_LITERAL_NULL_CONVERSION = YES;
				CLANG_WARN_OBJC_IMPLICIT_RETAIN_SELF = YES;
				CLANG_WARN_OBJC_LITERAL_CONVERSION = YES;
				CLANG_WARN_OBJC_ROOT_CLASS = YES_ERROR;
				CLANG_WARN_QUOTED_INCLUDE_IN_FRAMEWORK_HEADER = YES;
				CLANG_WARN_RANGE_LOOP_ANALYSIS = YES;
				CLANG_WARN_STRICT_PROTOTYPES = YES;
				CLANG_WARN_SUSPICIOUS_MOVE = YES;
				CLANG_WARN_UNGUARDED_AVAILABILITY = YES_AGGRESSIVE;
				CLANG_WARN_UNREACHABLE_CODE = YES;
				CLANG_WARN__DUPLICATE_METHOD_MATCH = YES;
				COPY_PHASE_STRIP = NO;
				DEBUG_INFORMATION_FORMAT = "dwarf-with-dsym";
				ENABLE_NS_ASSERTIONS = NO;
				ENABLE_STRICT_OBJC_MSGSEND = YES;
				GCC_C_LANGUAGE_STANDARD = gnu11;
				GCC_NO_COMMON_BLOCKS = YES;
				GCC_WARN_64_TO_32_BIT_CONVERSION = YES;
				GCC_WARN_ABOUT_RETURN_TYPE = YES_ERROR;
				GCC_WARN_UNDECLARED_SELECTOR = YES;
				GCC_WARN_UNINITIALIZED_AUTOS = YES_AGGRESSIVE;
				GCC_WARN_UNUSED_FUNCTION = YES;
				GCC_WARN_UNUSED_VARIABLE = YES;
				IPHONEOS_DEPLOYMENT_TARGET = 16.0;
				MTL_ENABLE_DEBUG_INFO = NO;
				MTL_FAST_MATH = YES;
				SDKROOT = iphoneos;
				SWIFT_COMPILATION_MODE = wholemodule;
				SWIFT_OPTIMIZATION_LEVEL = "-O";
				VALIDATE_PRODUCT = YES;
			};
			name = Release;
		};
		8C102A4528F3769300167AF5 /* Debug */ = {
			isa = XCBuildConfiguration;
			buildSettings = {
				ASSETCATALOG_COMPILER_APPICON_NAME = AppIcon;
				ASSETCATALOG_COMPILER_GLOBAL_ACCENT_COLOR_NAME = AccentColor;
				CODE_SIGN_STYLE = Automatic;
				CURRENT_PROJECT_VERSION = 1;
				DEVELOPMENT_TEAM = 67AYPRFZH8;
				GENERATE_INFOPLIST_FILE = YES;
				INFOPLIST_FILE = My1StApp/Info.plist;
				INFOPLIST_KEY_UIApplicationSupportsIndirectInputEvents = YES;
				INFOPLIST_KEY_UILaunchStoryboardName = LaunchScreen;
				INFOPLIST_KEY_UIMainStoryboardFile = Main;
				INFOPLIST_KEY_UISupportedInterfaceOrientations_iPad = "UIInterfaceOrientationPortrait UIInterfaceOrientationPortraitUpsideDown UIInterfaceOrientationLandscapeLeft UIInterfaceOrientationLandscapeRight";
				INFOPLIST_KEY_UISupportedInterfaceOrientations_iPhone = "UIInterfaceOrientationPortrait UIInterfaceOrientationLandscapeLeft UIInterfaceOrientationLandscapeRight";
				LD_RUNPATH_SEARCH_PATHS = (
					"$(inherited)",
					"@executable_path/Frameworks",
				);
				MARKETING_VERSION = 1.0;
				PRODUCT_BUNDLE_IDENTIFIER = "academy.les.inf.puc-rio.My1StApp";
				PRODUCT_NAME = "$(TARGET_NAME)";
				SWIFT_EMIT_LOC_STRINGS = YES;
				SWIFT_VERSION = 5.0;
				TARGETED_DEVICE_FAMILY = "1,2";
			};
			name = Debug;
		};
		8C102A4628F3769300167AF5 /* Release */ = {
			isa = XCBuildConfiguration;
			buildSettings = {
				ASSETCATALOG_COMPILER_APPICON_NAME = AppIcon;
				ASSETCATALOG_COMPILER_GLOBAL_ACCENT_COLOR_NAME = AccentColor;
				CODE_SIGN_STYLE = Automatic;
				CURRENT_PROJECT_VERSION = 1;
				DEVELOPMENT_TEAM = 67AYPRFZH8;
				GENERATE_INFOPLIST_FILE = YES;
				INFOPLIST_FILE = My1StApp/Info.plist;
				INFOPLIST_KEY_UIApplicationSupportsIndirectInputEvents = YES;
				INFOPLIST_KEY_UILaunchStoryboardName = LaunchScreen;
				INFOPLIST_KEY_UIMainStoryboardFile = Main;
				INFOPLIST_KEY_UISupportedInterfaceOrientations_iPad = "UIInterfaceOrientationPortrait UIInterfaceOrientationPortraitUpsideDown UIInterfaceOrientationLandscapeLeft UIInterfaceOrientationLandscapeRight";
				INFOPLIST_KEY_UISupportedInterfaceOrientations_iPhone = "UIInterfaceOrientationPortrait UIInterfaceOrientationLandscapeLeft UIInterfaceOrientationLandscapeRight";
				LD_RUNPATH_SEARCH_PATHS = (
					"$(inherited)",
					"@executable_path/Frameworks",
				);
				MARKETING_VERSION = 1.0;
				PRODUCT_BUNDLE_IDENTIFIER = "academy.les.inf.puc-rio.My1StApp";
				PRODUCT_NAME = "$(TARGET_NAME)";
				SWIFT_EMIT_LOC_STRINGS = YES;
				SWIFT_VERSION = 5.0;
				TARGETED_DEVICE_FAMILY = "1,2";
			};
			name = Release;
		};
		8C102A4828F3769300167AF5 /* Debug */ = {
			isa = XCBuildConfiguration;
			buildSettings = {
				ALWAYS_EMBED_SWIFT_STANDARD_LIBRARIES = YES;
				BUNDLE_LOADER = "$(TEST_HOST)";
				CODE_SIGN_STYLE = Automatic;
				CURRENT_PROJECT_VERSION = 1;
				DEVELOPMENT_TEAM = 67AYPRFZH8;
				GENERATE_INFOPLIST_FILE = YES;
				IPHONEOS_DEPLOYMENT_TARGET = 16.0;
				MARKETING_VERSION = 1.0;
				PRODUCT_BUNDLE_IDENTIFIER = "academy.les.inf.puc-rio.My1StAppTests";
				PRODUCT_NAME = "$(TARGET_NAME)";
				SWIFT_EMIT_LOC_STRINGS = NO;
				SWIFT_VERSION = 5.0;
				TARGETED_DEVICE_FAMILY = "1,2";
				TEST_HOST = "$(BUILT_PRODUCTS_DIR)/My1StApp.app/$(BUNDLE_EXECUTABLE_FOLDER_PATH)/My1StApp";
			};
			name = Debug;
		};
		8C102A4928F3769300167AF5 /* Release */ = {
			isa = XCBuildConfiguration;
			buildSettings = {
				ALWAYS_EMBED_SWIFT_STANDARD_LIBRARIES = YES;
				BUNDLE_LOADER = "$(TEST_HOST)";
				CODE_SIGN_STYLE = Automatic;
				CURRENT_PROJECT_VERSION = 1;
				DEVELOPMENT_TEAM = 67AYPRFZH8;
				GENERATE_INFOPLIST_FILE = YES;
				IPHONEOS_DEPLOYMENT_TARGET = 16.0;
				MARKETING_VERSION = 1.0;
				PRODUCT_BUNDLE_IDENTIFIER = "academy.les.inf.puc-rio.My1StAppTests";
				PRODUCT_NAME = "$(TARGET_NAME)";
				SWIFT_EMIT_LOC_STRINGS = NO;
				SWIFT_VERSION = 5.0;
				TARGETED_DEVICE_FAMILY = "1,2";
				TEST_HOST = "$(BUILT_PRODUCTS_DIR)/My1StApp.app/$(BUNDLE_EXECUTABLE_FOLDER_PATH)/My1StApp";
			};
			name = Release;
		};
		8C102A4B28F3769300167AF5 /* Debug */ = {
			isa = XCBuildConfiguration;
			buildSettings = {
				ALWAYS_EMBED_SWIFT_STANDARD_LIBRARIES = YES;
				CODE_SIGN_STYLE = Automatic;
				CURRENT_PROJECT_VERSION = 1;
				DEVELOPMENT_TEAM = 67AYPRFZH8;
				GENERATE_INFOPLIST_FILE = YES;
				MARKETING_VERSION = 1.0;
				PRODUCT_BUNDLE_IDENTIFIER = "academy.les.inf.puc-rio.My1StAppUITests";
				PRODUCT_NAME = "$(TARGET_NAME)";
				SWIFT_EMIT_LOC_STRINGS = NO;
				SWIFT_VERSION = 5.0;
				TARGETED_DEVICE_FAMILY = "1,2";
				TEST_TARGET_NAME = My1StApp;
			};
			name = Debug;
		};
		8C102A4C28F3769300167AF5 /* Release */ = {
			isa = XCBuildConfiguration;
			buildSettings = {
				ALWAYS_EMBED_SWIFT_STANDARD_LIBRARIES = YES;
				CODE_SIGN_STYLE = Automatic;
				CURRENT_PROJECT_VERSION = 1;
				DEVELOPMENT_TEAM = 67AYPRFZH8;
				GENERATE_INFOPLIST_FILE = YES;
				MARKETING_VERSION = 1.0;
				PRODUCT_BUNDLE_IDENTIFIER = "academy.les.inf.puc-rio.My1StAppUITests";
				PRODUCT_NAME = "$(TARGET_NAME)";
				SWIFT_EMIT_LOC_STRINGS = NO;
				SWIFT_VERSION = 5.0;
				TARGETED_DEVICE_FAMILY = "1,2";
				TEST_TARGET_NAME = My1StApp;
			};
			name = Release;
		};
/* End XCBuildConfiguration section */

/* Begin XCConfigurationList section */
		8C102A1528F3769000167AF5 /* Build configuration list for PBXProject "My1StApp" */ = {
			isa = XCConfigurationList;
			buildConfigurations = (
				8C102A4228F3769300167AF5 /* Debug */,
				8C102A4328F3769300167AF5 /* Release */,
			);
			defaultConfigurationIsVisible = 0;
			defaultConfigurationName = Release;
		};
		8C102A4428F3769300167AF5 /* Build configuration list for PBXNativeTarget "My1StApp" */ = {
			isa = XCConfigurationList;
			buildConfigurations = (
				8C102A4528F3769300167AF5 /* Debug */,
				8C102A4628F3769300167AF5 /* Release */,
			);
			defaultConfigurationIsVisible = 0;
			defaultConfigurationName = Release;
		};
		8C102A4728F3769300167AF5 /* Build configuration list for PBXNativeTarget "My1StAppTests" */ = {
			isa = XCConfigurationList;
			buildConfigurations = (
				8C102A4828F3769300167AF5 /* Debug */,
				8C102A4928F3769300167AF5 /* Release */,
			);
			defaultConfigurationIsVisible = 0;
			defaultConfigurationName = Release;
		};
		8C102A4A28F3769300167AF5 /* Build configuration list for PBXNativeTarget "My1StAppUITests" */ = {
			isa = XCConfigurationList;
			buildConfigurations = (
				8C102A4B28F3769300167AF5 /* Debug */,
				8C102A4C28F3769300167AF5 /* Release */,
			);
			defaultConfigurationIsVisible = 0;
			defaultConfigurationName = Release;
		};
/* End XCConfigurationList section */
	};
	rootObject = 8C102A1228F3769000167AF5 /* Project object */;
}
